
Microsoft Visual Studio Solution File, Format Version 12.00
# Visual Studio Version 16
VisualStudioVersion = 16.0.31829.152
MinimumVisualStudioVersion = 10.0.40219.1
Project("{778DAE3C-4631-46EA-AA77-85C1314464D9}") = "EEntityCore.DB", "EEntityCore.DB\EEntityCore.DB.vbproj", "{49B66CD1-0C9C-4184-81BF-345A74DB4AB1}"
EndProject
Project("{778DAE3C-4631-46EA-AA77-85C1314464D9}") = "EEntityCore.DB.MSSQL", "EEntityCore.DB.MSSQL\EEntityCore.DB.MSSQL.vbproj", "{5C55A534-D7E3-4DBD-B909-7B73DEAE83E0}"
EndProject
Project("{F184B08F-C81C-45F6-A57F-5ABD9991F28F}") = "EEntityCore.VB.MSSQL.WebTest", "EEntityCore.VB.MSSQL.WebTest\EEntityCore.VB.MSSQL.WebTest.vbproj", "{944A44FD-F6ED-4922-9B9B-92769B54956F}"
EndProject
Global
	GlobalSection(SolutionConfigurationPlatforms) = preSolution
		Debug|Any CPU = Debug|Any CPU
		Release|Any CPU = Release|Any CPU
	EndGlobalSection
	GlobalSection(ProjectConfigurationPlatforms) = postSolution
		{49B66CD1-0C9C-4184-81BF-345A74DB4AB1}.Debug|Any CPU.ActiveCfg = Debug|Any CPU
		{49B66CD1-0C9C-4184-81BF-345A74DB4AB1}.Debug|Any CPU.Build.0 = Debug|Any CPU
		{49B66CD1-0C9C-4184-81BF-345A74DB4AB1}.Release|Any CPU.ActiveCfg = Release|Any CPU
		{49B66CD1-0C9C-4184-81BF-345A74DB4AB1}.Release|Any CPU.Build.0 = Release|Any CPU
		{5C55A534-D7E3-4DBD-B909-7B73DEAE83E0}.Debug|Any CPU.ActiveCfg = Debug|Any CPU
		{5C55A534-D7E3-4DBD-B909-7B73DEAE83E0}.Debug|Any CPU.Build.0 = Debug|Any CPU
		{5C55A534-D7E3-4DBD-B909-7B73DEAE83E0}.Release|Any CPU.ActiveCfg = Release|Any CPU
		{5C55A534-D7E3-4DBD-B909-7B73DEAE83E0}.Release|Any CPU.Build.0 = Release|Any CPU
		{944A44FD-F6ED-4922-9B9B-92769B54956F}.Debug|Any CPU.ActiveCfg = Debug|Any CPU
		{944A44FD-F6ED-4922-9B9B-92769B54956F}.Debug|Any CPU.Build.0 = Debug|Any CPU
		{944A44FD-F6ED-4922-9B9B-92769B54956F}.Release|Any CPU.ActiveCfg = Release|Any CPU
		{944A44FD-F6ED-4922-9B9B-92769B54956F}.Release|Any CPU.Build.0 = Release|Any CPU
	EndGlobalSection
	GlobalSection(SolutionProperties) = preSolution
		HideSolutionNode = FALSE
	EndGlobalSection
	GlobalSection(ExtensibilityGlobals) = postSolution
		SolutionGuid = {2FA6C3F4-0015-4ED6-86B4-51CB5DB0821B}
	EndGlobalSection
EndGlobal
